
Microsoft Visual Studio Solution File, Format Version 12.00
# Visual Studio 15
VisualStudioVersion = 15.0.26730.8
MinimumVisualStudioVersion = 10.0.40219.1
Project("{8BC9CEB8-8B4A-11D0-8D11-00A0C91BC942}") = "HW02Graves", "HW02Graves\HW02Graves.vcxproj", "{6143990B-57A0-419B-9FED-6082506D662E}"
EndProject
Global
	GlobalSection(SolutionConfigurationPlatforms) = preSolution
		Debug|x64 = Debug|x64
		Debug|x86 = Debug|x86
		Release|x64 = Release|x64
		Release|x86 = Release|x86
	EndGlobalSection
	GlobalSection(ProjectConfigurationPlatforms) = postSolution
		{6143990B-57A0-419B-9FED-6082506D662E}.Debug|x64.ActiveCfg = Debug|x64
		{6143990B-57A0-419B-9FED-6082506D662E}.Debug|x64.Build.0 = Debug|x64
		{6143990B-57A0-419B-9FED-6082506D662E}.Debug|x86.ActiveCfg = Debug|Win32
		{6143990B-57A0-419B-9FED-6082506D662E}.Debug|x86.Build.0 = Debug|Win32
		{6143990B-57A0-419B-9FED-6082506D662E}.Release|x64.ActiveCfg = Release|x64
		{6143990B-57A0-419B-9FED-6082506D662E}.Release|x64.Build.0 = Release|x64
		{6143990B-57A0-419B-9FED-6082506D662E}.Release|x86.ActiveCfg = Release|Win32
		{6143990B-57A0-419B-9FED-6082506D662E}.Release|x86.Build.0 = Release|Win32
	EndGlobalSection
	GlobalSection(SolutionProperties) = preSolution
		HideSolutionNode = FALSE
	EndGlobalSection
	GlobalSection(ExtensibilityGlobals) = postSolution
		SolutionGuid = {C2D2DC53-9D8C-4E74-A8BA-6411AE8E39BB}
	EndGlobalSection
EndGlobal
